{
  "name": "regmash",
  "version": "0.0.1",
  "lockfileVersion": 1,
  "requires": true,
  "dependencies": {
    "string-algorithms": {
      "version": "1.0.31",
      "resolved": "https://registry.npmjs.org/string-algorithms/-/string-algorithms-1.0.31.tgz",
      "integrity": "sha512-v+gdi7yfXsSGj2RU64AMR8LJyBnwpDSuJLsQxezu9ZgdYZF+g5vEGyuCeN47OoAObrEvt8VFKmj3NYCzXRBbnw=="
    }
  }
}
